Microsoft Visual Studio Solution File, Format Version 12.00
# Visual Studio Version 17
VisualStudioVersion = 17.5.2.0
MinimumVisualStudioVersion = 10.0.40219.1
Project("{FAE04EC0-301F-11D3-BF4B-00C04F79EFBC}") = "discord-minecraft-ML-bot", "discord-minecraft-ML-bot.csproj", "{20ACDB40-6C6F-92B8-E2D4-47B64875D223}"
EndProject
Global
	GlobalSection(SolutionConfigurationPlatforms) = preSolution
		Debug|Any CPU = Debug|Any CPU
		Release|Any CPU = Release|Any CPU
	EndGlobalSection
	GlobalSection(ProjectConfigurationPlatforms) = postSolution
		{20ACDB40-6C6F-92B8-E2D4-47B64875D223}.Debug|Any CPU.ActiveCfg = Debug|Any CPU
		{20ACDB40-6C6F-92B8-E2D4-47B64875D223}.Debug|Any CPU.Build.0 = Debug|Any CPU
		{20ACDB40-6C6F-92B8-E2D4-47B64875D223}.Release|Any CPU.ActiveCfg = Release|Any CPU
		{20ACDB40-6C6F-92B8-E2D4-47B64875D223}.Release|Any CPU.Build.0 = Release|Any CPU
	EndGlobalSection
	GlobalSection(SolutionProperties) = preSolution
		HideSolutionNode = FALSE
	EndGlobalSection
	GlobalSection(ExtensibilityGlobals) = postSolution
		SolutionGuid = {34EEC4A8-86C9-417A-91DC-9B2C1E5BD299}
	EndGlobalSection
EndGlobal
